
Microsoft Visual Studio Solution File, Format Version 12.00
# Visual Studio Version 17
VisualStudioVersion = 17.4.33110.190
MinimumVisualStudioVersion = 10.0.40219.1
Project("{9A19103F-16F7-4668-BE54-9A1E7A4F7556}") = "MaterCodeTestApi", "MaterCodeTestApi.csproj", "{5613F307-FB85-4BDC-809D-B59BC1FED787}"
EndProject
Global
	GlobalSection(SolutionConfigurationPlatforms) = preSolution
		Debug|Any CPU = Debug|Any CPU
		Release|Any CPU = Release|Any CPU
	EndGlobalSection
	GlobalSection(ProjectConfigurationPlatforms) = postSolution
		{5613F307-FB85-4BDC-809D-B59BC1FED787}.Debug|Any CPU.ActiveCfg = Debug|Any CPU
		{5613F307-FB85-4BDC-809D-B59BC1FED787}.Debug|Any CPU.Build.0 = Debug|Any CPU
		{5613F307-FB85-4BDC-809D-B59BC1FED787}.Release|Any CPU.ActiveCfg = Release|Any CPU
		{5613F307-FB85-4BDC-809D-B59BC1FED787}.Release|Any CPU.Build.0 = Release|Any CPU
	EndGlobalSection
	GlobalSection(SolutionProperties) = preSolution
		HideSolutionNode = FALSE
	EndGlobalSection
	GlobalSection(ExtensibilityGlobals) = postSolution
		SolutionGuid = {BC1990F9-FD4B-480B-8234-A361A0C96A08}
	EndGlobalSection
EndGlobal
